# THIS IS AN AUTOGENERATED FILE. DO NOT EDIT THIS FILE DIRECTLY.
# yarn lockfile v1


parcel-plugin-svelte@^4.0.4:
  version "4.0.4"
  resolved "https://registry.yarnpkg.com/parcel-plugin-svelte/-/parcel-plugin-svelte-4.0.4.tgz#2c50ff98565bc68b4174a9d7030fe23951cc3ad4"
  integrity sha512-Dgmlw+ULrKw+kxe8ClniuClE55tlW8cFlLRSSJFOgxgWoH7280RG8Rs7GSp90kihliatn+fH2xpj2hYaWqgLPA==
  dependencies:
    svelte-dev-helper "^1.1.7"

svelte-dev-helper@^1.1.7:
  version "1.1.9"
  resolved "https://registry.yarnpkg.com/svelte-dev-helper/-/svelte-dev-helper-1.1.9.tgz#7d187db5c6cdbbd64d75a32f91b8998bde3273c3"
  integrity sha1-fRh9tcbNu9ZNdaMvkbiZi94yc8M=
